
Microsoft Visual Studio Solution File, Format Version 12.00
Project("{2150E333-8FDC-42A3-9474-1A3956D46DE8}") = "src", "src", "{827E0CD3-B72D-47B6-A68D-7590B98EB39B}"
EndProject
Project("{FAE04EC0-301F-11D3-BF4B-00C04F79EFBC}") = "PC_2JNC.Domain", "src\PC_2JNC.Domain\PC_2JNC.Domain.csproj", "{AA1E02A7-B6A8-46C6-9FF5-50019F9D7C2D}"
EndProject
Project("{FAE04EC0-301F-11D3-BF4B-00C04F79EFBC}") = "PC_2JNC.Application", "src\PC_2JNC.Application\PC_2JNC.Application.csproj", "{AF769872-1E4B-465A-8BFF-BB8CF5BA13A4}"
EndProject
Project("{FAE04EC0-301F-11D3-BF4B-00C04F79EFBC}") = "PC_2JNC.Infrastructure", "src\PC_2JNC.Infrastructure\PC_2JNC.Infrastructure.csproj", "{67DD7621-3992-4686-8946-AE9036B79B6D}"
EndProject
Project("{FAE04EC0-301F-11D3-BF4B-00C04F79EFBC}") = "PC_2JNC.API", "src\PC_2JNC.API\PC_2JNC.API.csproj", "{A491BA42-6F93-4D30-82D2-2292280D2FE0}"
EndProject
Global
	GlobalSection(SolutionConfigurationPlatforms) = preSolution
		Debug|Any CPU = Debug|Any CPU
		Debug|x64 = Debug|x64
		Debug|x86 = Debug|x86
		Release|Any CPU = Release|Any CPU
		Release|x64 = Release|x64
		Release|x86 = Release|x86
	EndGlobalSection
	GlobalSection(ProjectConfigurationPlatforms) = postSolution
		{AA1E02A7-B6A8-46C6-9FF5-50019F9D7C2D}.Debug|Any CPU.ActiveCfg = Debug|Any CPU
		{AA1E02A7-B6A8-46C6-9FF5-50019F9D7C2D}.Debug|Any CPU.Build.0 = Debug|Any CPU
		{AA1E02A7-B6A8-46C6-9FF5-50019F9D7C2D}.Debug|x64.ActiveCfg = Debug|Any CPU
		{AA1E02A7-B6A8-46C6-9FF5-50019F9D7C2D}.Debug|x64.Build.0 = Debug|Any CPU
		{AA1E02A7-B6A8-46C6-9FF5-50019F9D7C2D}.Debug|x86.ActiveCfg = Debug|Any CPU
		{AA1E02A7-B6A8-46C6-9FF5-50019F9D7C2D}.Debug|x86.Build.0 = Debug|Any CPU
		{AA1E02A7-B6A8-46C6-9FF5-50019F9D7C2D}.Release|Any CPU.ActiveCfg = Release|Any CPU
		{AA1E02A7-B6A8-46C6-9FF5-50019F9D7C2D}.Release|Any CPU.Build.0 = Release|Any CPU
		{AA1E02A7-B6A8-46C6-9FF5-50019F9D7C2D}.Release|x64.ActiveCfg = Release|Any CPU
		{AA1E02A7-B6A8-46C6-9FF5-50019F9D7C2D}.Release|x64.Build.0 = Release|Any CPU
		{AA1E02A7-B6A8-46C6-9FF5-50019F9D7C2D}.Release|x86.ActiveCfg = Release|Any CPU
		{AA1E02A7-B6A8-46C6-9FF5-50019F9D7C2D}.Release|x86.Build.0 = Release|Any CPU
		{AF769872-1E4B-465A-8BFF-BB8CF5BA13A4}.Debug|Any CPU.ActiveCfg = Debug|Any CPU
		{AF769872-1E4B-465A-8BFF-BB8CF5BA13A4}.Debug|Any CPU.Build.0 = Debug|Any CPU
		{AF769872-1E4B-465A-8BFF-BB8CF5BA13A4}.Debug|x64.ActiveCfg = Debug|Any CPU
		{AF769872-1E4B-465A-8BFF-BB8CF5BA13A4}.Debug|x64.Build.0 = Debug|Any CPU
		{AF769872-1E4B-465A-8BFF-BB8CF5BA13A4}.Debug|x86.ActiveCfg = Debug|Any CPU
		{AF769872-1E4B-465A-8BFF-BB8CF5BA13A4}.Debug|x86.Build.0 = Debug|Any CPU
		{AF769872-1E4B-465A-8BFF-BB8CF5BA13A4}.Release|Any CPU.ActiveCfg = Release|Any CPU
		{AF769872-1E4B-465A-8BFF-BB8CF5BA13A4}.Release|Any CPU.Build.0 = Release|Any CPU
		{AF769872-1E4B-465A-8BFF-BB8CF5BA13A4}.Release|x64.ActiveCfg = Release|Any CPU
		{AF769872-1E4B-465A-8BFF-BB8CF5BA13A4}.Release|x64.Build.0 = Release|Any CPU
		{AF769872-1E4B-465A-8BFF-BB8CF5BA13A4}.Release|x86.ActiveCfg = Release|Any CPU
		{AF769872-1E4B-465A-8BFF-BB8CF5BA13A4}.Release|x86.Build.0 = Release|Any CPU
		{67DD7621-3992-4686-8946-AE9036B79B6D}.Debug|Any CPU.ActiveCfg = Debug|Any CPU
		{67DD7621-3992-4686-8946-AE9036B79B6D}.Debug|Any CPU.Build.0 = Debug|Any CPU
		{67DD7621-3992-4686-8946-AE9036B79B6D}.Debug|x64.ActiveCfg = Debug|Any CPU
		{67DD7621-3992-4686-8946-AE9036B79B6D}.Debug|x64.Build.0 = Debug|Any CPU
		{67DD7621-3992-4686-8946-AE9036B79B6D}.Debug|x86.ActiveCfg = Debug|Any CPU
		{67DD7621-3992-4686-8946-AE9036B79B6D}.Debug|x86.Build.0 = Debug|Any CPU
		{67DD7621-3992-4686-8946-AE9036B79B6D}.Release|Any CPU.ActiveCfg = Release|Any CPU
		{67DD7621-3992-4686-8946-AE9036B79B6D}.Release|Any CPU.Build.0 = Release|Any CPU
		{67DD7621-3992-4686-8946-AE9036B79B6D}.Release|x64.ActiveCfg = Release|Any CPU
		{67DD7621-3992-4686-8946-AE9036B79B6D}.Release|x64.Build.0 = Release|Any CPU
		{67DD7621-3992-4686-8946-AE9036B79B6D}.Release|x86.ActiveCfg = Release|Any CPU
		{67DD7621-3992-4686-8946-AE9036B79B6D}.Release|x86.Build.0 = Release|Any CPU
		{A491BA42-6F93-4D30-82D2-2292280D2FE0}.Debug|Any CPU.ActiveCfg = Debug|Any CPU
		{A491BA42-6F93-4D30-82D2-2292280D2FE0}.Debug|Any CPU.Build.0 = Debug|Any CPU
		{A491BA42-6F93-4D30-82D2-2292280D2FE0}.Debug|x64.ActiveCfg = Debug|Any CPU
		{A491BA42-6F93-4D30-82D2-2292280D2FE0}.Debug|x64.Build.0 = Debug|Any CPU
		{A491BA42-6F93-4D30-82D2-2292280D2FE0}.Debug|x86.ActiveCfg = Debug|Any CPU
		{A491BA42-6F93-4D30-82D2-2292280D2FE0}.Debug|x86.Build.0 = Debug|Any CPU
		{A491BA42-6F93-4D30-82D2-2292280D2FE0}.Release|Any CPU.ActiveCfg = Release|Any CPU
		{A491BA42-6F93-4D30-82D2-2292280D2FE0}.Release|Any CPU.Build.0 = Release|Any CPU
		{A491BA42-6F93-4D30-82D2-2292280D2FE0}.Release|x64.ActiveCfg = Release|Any CPU
		{A491BA42-6F93-4D30-82D2-2292280D2FE0}.Release|x64.Build.0 = Release|Any CPU
		{A491BA42-6F93-4D30-82D2-2292280D2FE0}.Release|x86.ActiveCfg = Release|Any CPU
		{A491BA42-6F93-4D30-82D2-2292280D2FE0}.Release|x86.Build.0 = Release|Any CPU
	EndGlobalSection
	GlobalSection(SolutionProperties) = preSolution
		HideSolutionNode = FALSE
	EndGlobalSection
	GlobalSection(NestedProjects) = preSolution
		{AA1E02A7-B6A8-46C6-9FF5-50019F9D7C2D} = {827E0CD3-B72D-47B6-A68D-7590B98EB39B}
		{AF769872-1E4B-465A-8BFF-BB8CF5BA13A4} = {827E0CD3-B72D-47B6-A68D-7590B98EB39B}
		{67DD7621-3992-4686-8946-AE9036B79B6D} = {827E0CD3-B72D-47B6-A68D-7590B98EB39B}
		{A491BA42-6F93-4D30-82D2-2292280D2FE0} = {827E0CD3-B72D-47B6-A68D-7590B98EB39B}
	EndGlobalSection
EndGlobal
