
Microsoft Visual Studio Solution File, Format Version 12.00
# Visual Studio Version 17
VisualStudioVersion = 17.0.31903.59
MinimumVisualStudioVersion = 10.0.40219.1
Project("{2150E333-8FDC-42A3-9474-1A3956D46DE8}") = "src", "src", "{827E0CD3-B72D-47B6-A68D-7590B98EB39B}"
EndProject
Project("{FAE04EC0-301F-11D3-BF4B-00C04F79EFBC}") = "PC_2JNC.Domain", "src\PC_2JNC.Domain\PC_2JNC.Domain.csproj", "{86546EF7-A876-4E3C-AE39-D4D99DD336E8}"
EndProject
Project("{FAE04EC0-301F-11D3-BF4B-00C04F79EFBC}") = "PC_2JNC.Application", "src\PC_2JNC.Application\PC_2JNC.Application.csproj", "{1185308F-C64D-453D-ABF2-74ED8C8A318D}"
EndProject
Project("{FAE04EC0-301F-11D3-BF4B-00C04F79EFBC}") = "PC_2JNC.Infrastructure", "src\PC_2JNC.Infrastructure\PC_2JNC.Infrastructure.csproj", "{DE091DAD-0CCA-4891-B8FE-A12D49F19074}"
EndProject
Project("{FAE04EC0-301F-11D3-BF4B-00C04F79EFBC}") = "PC_2JNC.API", "src\PC_2JNC.API\PC_2JNC.API.csproj", "{4F85EFE1-6030-4A7A-A68C-157D1D8D2857}"
EndProject
Global
	GlobalSection(SolutionConfigurationPlatforms) = preSolution
		Debug|Any CPU = Debug|Any CPU
		Debug|x64 = Debug|x64
		Debug|x86 = Debug|x86
		Release|Any CPU = Release|Any CPU
		Release|x64 = Release|x64
		Release|x86 = Release|x86
	EndGlobalSection
	GlobalSection(ProjectConfigurationPlatforms) = postSolution
		{86546EF7-A876-4E3C-AE39-D4D99DD336E8}.Debug|Any CPU.ActiveCfg = Debug|Any CPU
		{86546EF7-A876-4E3C-AE39-D4D99DD336E8}.Debug|Any CPU.Build.0 = Debug|Any CPU
		{86546EF7-A876-4E3C-AE39-D4D99DD336E8}.Debug|x64.ActiveCfg = Debug|Any CPU
		{86546EF7-A876-4E3C-AE39-D4D99DD336E8}.Debug|x64.Build.0 = Debug|Any CPU
		{86546EF7-A876-4E3C-AE39-D4D99DD336E8}.Debug|x86.ActiveCfg = Debug|Any CPU
		{86546EF7-A876-4E3C-AE39-D4D99DD336E8}.Debug|x86.Build.0 = Debug|Any CPU
		{86546EF7-A876-4E3C-AE39-D4D99DD336E8}.Release|Any CPU.ActiveCfg = Release|Any CPU
		{86546EF7-A876-4E3C-AE39-D4D99DD336E8}.Release|Any CPU.Build.0 = Release|Any CPU
		{86546EF7-A876-4E3C-AE39-D4D99DD336E8}.Release|x64.ActiveCfg = Release|Any CPU
		{86546EF7-A876-4E3C-AE39-D4D99DD336E8}.Release|x64.Build.0 = Release|Any CPU
		{86546EF7-A876-4E3C-AE39-D4D99DD336E8}.Release|x86.ActiveCfg = Release|Any CPU
		{86546EF7-A876-4E3C-AE39-D4D99DD336E8}.Release|x86.Build.0 = Release|Any CPU
		{1185308F-C64D-453D-ABF2-74ED8C8A318D}.Debug|Any CPU.ActiveCfg = Debug|Any CPU
		{1185308F-C64D-453D-ABF2-74ED8C8A318D}.Debug|Any CPU.Build.0 = Debug|Any CPU
		{1185308F-C64D-453D-ABF2-74ED8C8A318D}.Debug|x64.ActiveCfg = Debug|Any CPU
		{1185308F-C64D-453D-ABF2-74ED8C8A318D}.Debug|x64.Build.0 = Debug|Any CPU
		{1185308F-C64D-453D-ABF2-74ED8C8A318D}.Debug|x86.ActiveCfg = Debug|Any CPU
		{1185308F-C64D-453D-ABF2-74ED8C8A318D}.Debug|x86.Build.0 = Debug|Any CPU
		{1185308F-C64D-453D-ABF2-74ED8C8A318D}.Release|Any CPU.ActiveCfg = Release|Any CPU
		{1185308F-C64D-453D-ABF2-74ED8C8A318D}.Release|Any CPU.Build.0 = Release|Any CPU
		{1185308F-C64D-453D-ABF2-74ED8C8A318D}.Release|x64.ActiveCfg = Release|Any CPU
		{1185308F-C64D-453D-ABF2-74ED8C8A318D}.Release|x64.Build.0 = Release|Any CPU
		{1185308F-C64D-453D-ABF2-74ED8C8A318D}.Release|x86.ActiveCfg = Release|Any CPU
		{1185308F-C64D-453D-ABF2-74ED8C8A318D}.Release|x86.Build.0 = Release|Any CPU
		{DE091DAD-0CCA-4891-B8FE-A12D49F19074}.Debug|Any CPU.ActiveCfg = Debug|Any CPU
		{DE091DAD-0CCA-4891-B8FE-A12D49F19074}.Debug|Any CPU.Build.0 = Debug|Any CPU
		{DE091DAD-0CCA-4891-B8FE-A12D49F19074}.Debug|x64.ActiveCfg = Debug|Any CPU
		{DE091DAD-0CCA-4891-B8FE-A12D49F19074}.Debug|x64.Build.0 = Debug|Any CPU
		{DE091DAD-0CCA-4891-B8FE-A12D49F19074}.Debug|x86.ActiveCfg = Debug|Any CPU
		{DE091DAD-0CCA-4891-B8FE-A12D49F19074}.Debug|x86.Build.0 = Debug|Any CPU
		{DE091DAD-0CCA-4891-B8FE-A12D49F19074}.Release|Any CPU.ActiveCfg = Release|Any CPU
		{DE091DAD-0CCA-4891-B8FE-A12D49F19074}.Release|Any CPU.Build.0 = Release|Any CPU
		{DE091DAD-0CCA-4891-B8FE-A12D49F19074}.Release|x64.ActiveCfg = Release|Any CPU
		{DE091DAD-0CCA-4891-B8FE-A12D49F19074}.Release|x64.Build.0 = Release|Any CPU
		{DE091DAD-0CCA-4891-B8FE-A12D49F19074}.Release|x86.ActiveCfg = Release|Any CPU
		{DE091DAD-0CCA-4891-B8FE-A12D49F19074}.Release|x86.Build.0 = Release|Any CPU
		{4F85EFE1-6030-4A7A-A68C-157D1D8D2857}.Debug|Any CPU.ActiveCfg = Debug|Any CPU
		{4F85EFE1-6030-4A7A-A68C-157D1D8D2857}.Debug|Any CPU.Build.0 = Debug|Any CPU
		{4F85EFE1-6030-4A7A-A68C-157D1D8D2857}.Debug|x64.ActiveCfg = Debug|Any CPU
		{4F85EFE1-6030-4A7A-A68C-157D1D8D2857}.Debug|x64.Build.0 = Debug|Any CPU
		{4F85EFE1-6030-4A7A-A68C-157D1D8D2857}.Debug|x86.ActiveCfg = Debug|Any CPU
		{4F85EFE1-6030-4A7A-A68C-157D1D8D2857}.Debug|x86.Build.0 = Debug|Any CPU
		{4F85EFE1-6030-4A7A-A68C-157D1D8D2857}.Release|Any CPU.ActiveCfg = Release|Any CPU
		{4F85EFE1-6030-4A7A-A68C-157D1D8D2857}.Release|Any CPU.Build.0 = Release|Any CPU
		{4F85EFE1-6030-4A7A-A68C-157D1D8D2857}.Release|x64.ActiveCfg = Release|Any CPU
		{4F85EFE1-6030-4A7A-A68C-157D1D8D2857}.Release|x64.Build.0 = Release|Any CPU
		{4F85EFE1-6030-4A7A-A68C-157D1D8D2857}.Release|x86.ActiveCfg = Release|Any CPU
		{4F85EFE1-6030-4A7A-A68C-157D1D8D2857}.Release|x86.Build.0 = Release|Any CPU
	EndGlobalSection
	GlobalSection(SolutionProperties) = preSolution
		HideSolutionNode = FALSE
	EndGlobalSection
	GlobalSection(NestedProjects) = preSolution
		{86546EF7-A876-4E3C-AE39-D4D99DD336E8} = {827E0CD3-B72D-47B6-A68D-7590B98EB39B}
		{1185308F-C64D-453D-ABF2-74ED8C8A318D} = {827E0CD3-B72D-47B6-A68D-7590B98EB39B}
		{DE091DAD-0CCA-4891-B8FE-A12D49F19074} = {827E0CD3-B72D-47B6-A68D-7590B98EB39B}
		{4F85EFE1-6030-4A7A-A68C-157D1D8D2857} = {827E0CD3-B72D-47B6-A68D-7590B98EB39B}
	EndGlobalSection
EndGlobal
